
Microsoft Visual Studio Solution File, Format Version 12.00
# Visual Studio Version 16
VisualStudioVersion = 16.0.30022.13
MinimumVisualStudioVersion = 10.0.40219.1
Project("{9A19103F-16F7-4668-BE54-9A1E7A4F7556}") = "ViewGenerator", "ViewGenerator\ViewGenerator.csproj", "{B452269D-856C-4FE6-8900-3D81461AF864}"
EndProject
Project("{9A19103F-16F7-4668-BE54-9A1E7A4F7556}") = "PrismExample", "PrismExample\PrismExample\PrismExample.csproj", "{25165688-5803-4064-B96B-225344747044}"
EndProject
Project("{FAE04EC0-301F-11D3-BF4B-00C04F79EFBC}") = "PrismExample.Android", "PrismExample\PrismExample.Android\PrismExample.Android.csproj", "{295C0D37-4307-4465-9E0F-3D449F8851DC}"
EndProject
Project("{FAE04EC0-301F-11D3-BF4B-00C04F79EFBC}") = "PrismExample.iOS", "PrismExample\PrismExample.iOS\PrismExample.iOS.csproj", "{4F63EDE6-4BBC-4992-A8DF-7897A5278CA2}"
EndProject
Global
	GlobalSection(SolutionConfigurationPlatforms) = preSolution
		Ad-Hoc|Any CPU = Ad-Hoc|Any CPU
		Ad-Hoc|iPhone = Ad-Hoc|iPhone
		Ad-Hoc|iPhoneSimulator = Ad-Hoc|iPhoneSimulator
		AppStore|Any CPU = AppStore|Any CPU
		AppStore|iPhone = AppStore|iPhone
		AppStore|iPhoneSimulator = AppStore|iPhoneSimulator
		Debug|Any CPU = Debug|Any CPU
		Debug|iPhone = Debug|iPhone
		Debug|iPhoneSimulator = Debug|iPhoneSimulator
		Release|Any CPU = Release|Any CPU
		Release|iPhone = Release|iPhone
		Release|iPhoneSimulator = Release|iPhoneSimulator
	EndGlobalSection
	GlobalSection(ProjectConfigurationPlatforms) = postSolution
		{B452269D-856C-4FE6-8900-3D81461AF864}.Ad-Hoc|Any CPU.ActiveCfg = Release|Any CPU
		{B452269D-856C-4FE6-8900-3D81461AF864}.Ad-Hoc|Any CPU.Build.0 = Release|Any CPU
		{B452269D-856C-4FE6-8900-3D81461AF864}.Ad-Hoc|iPhone.ActiveCfg = Release|Any CPU
		{B452269D-856C-4FE6-8900-3D81461AF864}.Ad-Hoc|iPhone.Build.0 = Release|Any CPU
		{B452269D-856C-4FE6-8900-3D81461AF864}.Ad-Hoc|iPhoneSimulator.ActiveCfg = Release|Any CPU
		{B452269D-856C-4FE6-8900-3D81461AF864}.Ad-Hoc|iPhoneSimulator.Build.0 = Release|Any CPU
		{B452269D-856C-4FE6-8900-3D81461AF864}.AppStore|Any CPU.ActiveCfg = Release|Any CPU
		{B452269D-856C-4FE6-8900-3D81461AF864}.AppStore|Any CPU.Build.0 = Release|Any CPU
		{B452269D-856C-4FE6-8900-3D81461AF864}.AppStore|iPhone.ActiveCfg = Release|Any CPU
		{B452269D-856C-4FE6-8900-3D81461AF864}.AppStore|iPhone.Build.0 = Release|Any CPU
		{B452269D-856C-4FE6-8900-3D81461AF864}.AppStore|iPhoneSimulator.ActiveCfg = Release|Any CPU
		{B452269D-856C-4FE6-8900-3D81461AF864}.AppStore|iPhoneSimulator.Build.0 = Release|Any CPU
		{B452269D-856C-4FE6-8900-3D81461AF864}.Debug|Any CPU.ActiveCfg = Debug|Any CPU
		{B452269D-856C-4FE6-8900-3D81461AF864}.Debug|Any CPU.Build.0 = Debug|Any CPU
		{B452269D-856C-4FE6-8900-3D81461AF864}.Debug|iPhone.ActiveCfg = Debug|Any CPU
		{B452269D-856C-4FE6-8900-3D81461AF864}.Debug|iPhone.Build.0 = Debug|Any CPU
		{B452269D-856C-4FE6-8900-3D81461AF864}.Debug|iPhoneSimulator.ActiveCfg = Debug|Any CPU
		{B452269D-856C-4FE6-8900-3D81461AF864}.Debug|iPhoneSimulator.Build.0 = Debug|Any CPU
		{B452269D-856C-4FE6-8900-3D81461AF864}.Release|Any CPU.ActiveCfg = Release|Any CPU
		{B452269D-856C-4FE6-8900-3D81461AF864}.Release|Any CPU.Build.0 = Release|Any CPU
		{B452269D-856C-4FE6-8900-3D81461AF864}.Release|iPhone.ActiveCfg = Release|Any CPU
		{B452269D-856C-4FE6-8900-3D81461AF864}.Release|iPhone.Build.0 = Release|Any CPU
		{B452269D-856C-4FE6-8900-3D81461AF864}.Release|iPhoneSimulator.ActiveCfg = Release|Any CPU
		{B452269D-856C-4FE6-8900-3D81461AF864}.Release|iPhoneSimulator.Build.0 = Release|Any CPU
		{25165688-5803-4064-B96B-225344747044}.Ad-Hoc|Any CPU.ActiveCfg = Debug|Any CPU
		{25165688-5803-4064-B96B-225344747044}.Ad-Hoc|Any CPU.Build.0 = Debug|Any CPU
		{25165688-5803-4064-B96B-225344747044}.Ad-Hoc|iPhone.ActiveCfg = Debug|Any CPU
		{25165688-5803-4064-B96B-225344747044}.Ad-Hoc|iPhone.Build.0 = Debug|Any CPU
		{25165688-5803-4064-B96B-225344747044}.Ad-Hoc|iPhoneSimulator.ActiveCfg = Debug|Any CPU
		{25165688-5803-4064-B96B-225344747044}.Ad-Hoc|iPhoneSimulator.Build.0 = Debug|Any CPU
		{25165688-5803-4064-B96B-225344747044}.AppStore|Any CPU.ActiveCfg = Debug|Any CPU
		{25165688-5803-4064-B96B-225344747044}.AppStore|Any CPU.Build.0 = Debug|Any CPU
		{25165688-5803-4064-B96B-225344747044}.AppStore|iPhone.ActiveCfg = Debug|Any CPU
		{25165688-5803-4064-B96B-225344747044}.AppStore|iPhone.Build.0 = Debug|Any CPU
		{25165688-5803-4064-B96B-225344747044}.AppStore|iPhoneSimulator.ActiveCfg = Debug|Any CPU
		{25165688-5803-4064-B96B-225344747044}.AppStore|iPhoneSimulator.Build.0 = Debug|Any CPU
		{25165688-5803-4064-B96B-225344747044}.Debug|Any CPU.ActiveCfg = Debug|Any CPU
		{25165688-5803-4064-B96B-225344747044}.Debug|Any CPU.Build.0 = Debug|Any CPU
		{25165688-5803-4064-B96B-225344747044}.Debug|iPhone.ActiveCfg = Debug|Any CPU
		{25165688-5803-4064-B96B-225344747044}.Debug|iPhone.Build.0 = Debug|Any CPU
		{25165688-5803-4064-B96B-225344747044}.Debug|iPhoneSimulator.ActiveCfg = Debug|Any CPU
		{25165688-5803-4064-B96B-225344747044}.Debug|iPhoneSimulator.Build.0 = Debug|Any CPU
		{25165688-5803-4064-B96B-225344747044}.Release|Any CPU.ActiveCfg = Release|Any CPU
		{25165688-5803-4064-B96B-225344747044}.Release|Any CPU.Build.0 = Release|Any CPU
		{25165688-5803-4064-B96B-225344747044}.Release|iPhone.ActiveCfg = Release|Any CPU
		{25165688-5803-4064-B96B-225344747044}.Release|iPhone.Build.0 = Release|Any CPU
		{25165688-5803-4064-B96B-225344747044}.Release|iPhoneSimulator.ActiveCfg = Release|Any CPU
		{25165688-5803-4064-B96B-225344747044}.Release|iPhoneSimulator.Build.0 = Release|Any CPU
		{295C0D37-4307-4465-9E0F-3D449F8851DC}.Ad-Hoc|Any CPU.ActiveCfg = Release|Any CPU
		{295C0D37-4307-4465-9E0F-3D449F8851DC}.Ad-Hoc|Any CPU.Build.0 = Release|Any CPU
		{295C0D37-4307-4465-9E0F-3D449F8851DC}.Ad-Hoc|Any CPU.Deploy.0 = Release|Any CPU
		{295C0D37-4307-4465-9E0F-3D449F8851DC}.Ad-Hoc|iPhone.ActiveCfg = Release|Any CPU
		{295C0D37-4307-4465-9E0F-3D449F8851DC}.Ad-Hoc|iPhone.Build.0 = Release|Any CPU
		{295C0D37-4307-4465-9E0F-3D449F8851DC}.Ad-Hoc|iPhone.Deploy.0 = Release|Any CPU
		{295C0D37-4307-4465-9E0F-3D449F8851DC}.Ad-Hoc|iPhoneSimulator.ActiveCfg = Release|Any CPU
		{295C0D37-4307-4465-9E0F-3D449F8851DC}.Ad-Hoc|iPhoneSimulator.Build.0 = Release|Any CPU
		{295C0D37-4307-4465-9E0F-3D449F8851DC}.Ad-Hoc|iPhoneSimulator.Deploy.0 = Release|Any CPU
		{295C0D37-4307-4465-9E0F-3D449F8851DC}.AppStore|Any CPU.ActiveCfg = Release|Any CPU
		{295C0D37-4307-4465-9E0F-3D449F8851DC}.AppStore|Any CPU.Build.0 = Release|Any CPU
		{295C0D37-4307-4465-9E0F-3D449F8851DC}.AppStore|Any CPU.Deploy.0 = Release|Any CPU
		{295C0D37-4307-4465-9E0F-3D449F8851DC}.AppStore|iPhone.ActiveCfg = Release|Any CPU
		{295C0D37-4307-4465-9E0F-3D449F8851DC}.AppStore|iPhone.Build.0 = Release|Any CPU
		{295C0D37-4307-4465-9E0F-3D449F8851DC}.AppStore|iPhone.Deploy.0 = Release|Any CPU
		{295C0D37-4307-4465-9E0F-3D449F8851DC}.AppStore|iPhoneSimulator.ActiveCfg = Release|Any CPU
		{295C0D37-4307-4465-9E0F-3D449F8851DC}.AppStore|iPhoneSimulator.Build.0 = Release|Any CPU
		{295C0D37-4307-4465-9E0F-3D449F8851DC}.AppStore|iPhoneSimulator.Deploy.0 = Release|Any CPU
		{295C0D37-4307-4465-9E0F-3D449F8851DC}.Debug|Any CPU.ActiveCfg = Debug|Any CPU
		{295C0D37-4307-4465-9E0F-3D449F8851DC}.Debug|Any CPU.Build.0 = Debug|Any CPU
		{295C0D37-4307-4465-9E0F-3D449F8851DC}.Debug|Any CPU.Deploy.0 = Debug|Any CPU
		{295C0D37-4307-4465-9E0F-3D449F8851DC}.Debug|iPhone.ActiveCfg = Debug|Any CPU
		{295C0D37-4307-4465-9E0F-3D449F8851DC}.Debug|iPhone.Build.0 = Debug|Any CPU
		{295C0D37-4307-4465-9E0F-3D449F8851DC}.Debug|iPhone.Deploy.0 = Debug|Any CPU
		{295C0D37-4307-4465-9E0F-3D449F8851DC}.Debug|iPhoneSimulator.ActiveCfg = Debug|Any CPU
		{295C0D37-4307-4465-9E0F-3D449F8851DC}.Debug|iPhoneSimulator.Build.0 = Debug|Any CPU
		{295C0D37-4307-4465-9E0F-3D449F8851DC}.Debug|iPhoneSimulator.Deploy.0 = Debug|Any CPU
		{295C0D37-4307-4465-9E0F-3D449F8851DC}.Release|Any CPU.ActiveCfg = Release|Any CPU
		{295C0D37-4307-4465-9E0F-3D449F8851DC}.Release|Any CPU.Build.0 = Release|Any CPU
		{295C0D37-4307-4465-9E0F-3D449F8851DC}.Release|Any CPU.Deploy.0 = Release|Any CPU
		{295C0D37-4307-4465-9E0F-3D449F8851DC}.Release|iPhone.ActiveCfg = Release|Any CPU
		{295C0D37-4307-4465-9E0F-3D449F8851DC}.Release|iPhone.Build.0 = Release|Any CPU
		{295C0D37-4307-4465-9E0F-3D449F8851DC}.Release|iPhone.Deploy.0 = Release|Any CPU
		{295C0D37-4307-4465-9E0F-3D449F8851DC}.Release|iPhoneSimulator.ActiveCfg = Release|Any CPU
		{295C0D37-4307-4465-9E0F-3D449F8851DC}.Release|iPhoneSimulator.Build.0 = Release|Any CPU
		{295C0D37-4307-4465-9E0F-3D449F8851DC}.Release|iPhoneSimulator.Deploy.0 = Release|Any CPU
		{4F63EDE6-4BBC-4992-A8DF-7897A5278CA2}.Ad-Hoc|Any CPU.ActiveCfg = Ad-Hoc|iPhone
		{4F63EDE6-4BBC-4992-A8DF-7897A5278CA2}.Ad-Hoc|iPhone.ActiveCfg = Ad-Hoc|iPhone
		{4F63EDE6-4BBC-4992-A8DF-7897A5278CA2}.Ad-Hoc|iPhone.Build.0 = Ad-Hoc|iPhone
		{4F63EDE6-4BBC-4992-A8DF-7897A5278CA2}.Ad-Hoc|iPhoneSimulator.ActiveCfg = Ad-Hoc|iPhoneSimulator
		{4F63EDE6-4BBC-4992-A8DF-7897A5278CA2}.Ad-Hoc|iPhoneSimulator.Build.0 = Ad-Hoc|iPhoneSimulator
		{4F63EDE6-4BBC-4992-A8DF-7897A5278CA2}.AppStore|Any CPU.ActiveCfg = AppStore|iPhone
		{4F63EDE6-4BBC-4992-A8DF-7897A5278CA2}.AppStore|iPhone.ActiveCfg = AppStore|iPhone
		{4F63EDE6-4BBC-4992-A8DF-7897A5278CA2}.AppStore|iPhone.Build.0 = AppStore|iPhone
		{4F63EDE6-4BBC-4992-A8DF-7897A5278CA2}.AppStore|iPhoneSimulator.ActiveCfg = AppStore|iPhoneSimulator
		{4F63EDE6-4BBC-4992-A8DF-7897A5278CA2}.AppStore|iPhoneSimulator.Build.0 = AppStore|iPhoneSimulator
		{4F63EDE6-4BBC-4992-A8DF-7897A5278CA2}.Debug|Any CPU.ActiveCfg = Debug|iPhone
		{4F63EDE6-4BBC-4992-A8DF-7897A5278CA2}.Debug|iPhone.ActiveCfg = Debug|iPhone
		{4F63EDE6-4BBC-4992-A8DF-7897A5278CA2}.Debug|iPhone.Build.0 = Debug|iPhone
		{4F63EDE6-4BBC-4992-A8DF-7897A5278CA2}.Debug|iPhone.Deploy.0 = Debug|iPhone
		{4F63EDE6-4BBC-4992-A8DF-7897A5278CA2}.Debug|iPhoneSimulator.ActiveCfg = Debug|iPhoneSimulator
		{4F63EDE6-4BBC-4992-A8DF-7897A5278CA2}.Debug|iPhoneSimulator.Build.0 = Debug|iPhoneSimulator
		{4F63EDE6-4BBC-4992-A8DF-7897A5278CA2}.Release|Any CPU.ActiveCfg = Release|iPhone
		{4F63EDE6-4BBC-4992-A8DF-7897A5278CA2}.Release|iPhone.ActiveCfg = Release|iPhone
		{4F63EDE6-4BBC-4992-A8DF-7897A5278CA2}.Release|iPhone.Build.0 = Release|iPhone
		{4F63EDE6-4BBC-4992-A8DF-7897A5278CA2}.Release|iPhoneSimulator.ActiveCfg = Release|iPhoneSimulator
		{4F63EDE6-4BBC-4992-A8DF-7897A5278CA2}.Release|iPhoneSimulator.Build.0 = Release|iPhoneSimulator
	EndGlobalSection
	GlobalSection(SolutionProperties) = preSolution
		HideSolutionNode = FALSE
	EndGlobalSection
	GlobalSection(ExtensibilityGlobals) = postSolution
		SolutionGuid = {623C84B6-B8A4-4F29-8E68-4ED37D4529D5}
	EndGlobalSection
EndGlobal
